
Microsoft Visual Studio Solution File, Format Version 11.00
# Visual C# Express 2010
Project("{FAE04EC0-301F-11D3-BF4B-00C04F79EFBC}") = "Время", "Время\Время.csproj", "{6DBCBDC4-518A-4721-9458-A8B2B048BDB0}"
EndProject
Global
	GlobalSection(SolutionConfigurationPlatforms) = preSolution
		Debug|x86 = Debug|x86
		Release|x86 = Release|x86
	EndGlobalSection
	GlobalSection(ProjectConfigurationPlatforms) = postSolution
		{6DBCBDC4-518A-4721-9458-A8B2B048BDB0}.Debug|x86.ActiveCfg = Debug|x86
		{6DBCBDC4-518A-4721-9458-A8B2B048BDB0}.Debug|x86.Build.0 = Debug|x86
		{6DBCBDC4-518A-4721-9458-A8B2B048BDB0}.Release|x86.ActiveCfg = Release|x86
		{6DBCBDC4-518A-4721-9458-A8B2B048BDB0}.Release|x86.Build.0 = Release|x86
	EndGlobalSection
	GlobalSection(SolutionProperties) = preSolution
		HideSolutionNode = FALSE
	EndGlobalSection
EndGlobal
